// !$*UTF8*$!
{
	archiveVersion = 1;
	classes = {
	};
	objectVersion = 70;
	objects = {

/* Begin PBXBuildFile section */
		4D026F622D12BE3C000BB6D4 /* IPropertyWrapper.swift in Sources */ = {isa = PBXBuildFile; fileRef = 4D026F612D12BE3C000BB6D4 /* IPropertyWrapper.swift */; };
		4D1D99D62BF6225400FD99B6 /* AppDelegate.swift in Sources */ = {isa = PBXBuildFile; fileRef = 4D1D99D52BF6225400FD99B6 /* AppDelegate.swift */; };
		4D1D99D82BF6225400FD99B6 /* SceneDelegate.swift in Sources */ = {isa = PBXBuildFile; fileRef = 4D1D99D72BF6225400FD99B6 /* SceneDelegate.swift */; };
		4D1D99DA2BF6225400FD99B6 /* ViewController.swift in Sources */ = {isa = PBXBuildFile; fileRef = 4D1D99D92BF6225400FD99B6 /* ViewController.swift */; };
		4D1D99DD2BF6225400FD99B6 /* Main.storyboard in Resources */ = {isa = PBXBuildFile; fileRef = 4D1D99DB2BF6225400FD99B6 /* Main.storyboard */; };
		4D1D99DF2BF6225600FD99B6 /* Assets.xcassets in Resources */ = {isa = PBXBuildFile; fileRef = 4D1D99DE2BF6225600FD99B6 /* Assets.xcassets */; };
		4D1D99E22BF6225600FD99B6 /* LaunchScreen.storyboard in Resources */ = {isa = PBXBuildFile; fileRef = 4D1D99E02BF6225600FD99B6 /* LaunchScreen.storyboard */; };
		4D1D99EA2BF6229500FD99B6 /* IText.swift in Sources */ = {isa = PBXBuildFile; fileRef = 4D1D99E92BF6229500FD99B6 /* IText.swift */; };
		4D1D99EE2BF6242200FD99B6 /* ISwiftBridging.swift in Sources */ = {isa = PBXBuildFile; fileRef = 4D1D99ED2BF6242200FD99B6 /* ISwiftBridging.swift */; };
		4D1D99F22BF6244700FD99B6 /* IObjectiveCBridging.m in Sources */ = {isa = PBXBuildFile; fileRef = 4D1D99F12BF6244700FD99B6 /* IObjectiveCBridging.m */; };
		4D1D99F42BF6292100FD99B6 /* IProperty.swift in Sources */ = {isa = PBXBuildFile; fileRef = 4D1D99F32BF6292100FD99B6 /* IProperty.swift */; };
		4D38B1CA2CB9204E002D2407 /* Kingfisher in Frameworks */ = {isa = PBXBuildFile; productRef = 4D38B1C92CB9204E002D2407 /* Kingfisher */; };
		4D38B1CD2CB92150002D2407 /* Alamofire in Frameworks */ = {isa = PBXBuildFile; productRef = 4D38B1CC2CB92150002D2407 /* Alamofire */; };
		4D85366D2DE209D6007B4C3B /* 01-Observable.swift in Sources */ = {isa = PBXBuildFile; fileRef = 4D85366C2DE209D6007B4C3B /* 01-Observable.swift */; };
		4DA25EAF2D0FD60A0076D2B1 /* Pods_iSwift.framework in Frameworks */ = {isa = PBXBuildFile; fileRef = 2EA4FE444EFB613A820D8ADB /* Pods_iSwift.framework */; };
		4DA25EB22D0FDEC60076D2B1 /* IEmpty.swift in Sources */ = {isa = PBXBuildFile; fileRef = 4DA25EB12D0FDEC60076D2B1 /* IEmpty.swift */; };
		4DFD3ECB2D0FCD4700CEFD09 /* IRxSwift.swift in Sources */ = {isa = PBXBuildFile; fileRef = 4DFD3ECA2D0FCD4700CEFD09 /* IRxSwift.swift */; };
		4DFD3ECD2D0FD01000CEFD09 /* IDemoForRxSwift.swift in Sources */ = {isa = PBXBuildFile; fileRef = 4DFD3ECC2D0FD01000CEFD09 /* IDemoForRxSwift.swift */; };
/* End PBXBuildFile section */

/* Begin PBXContainerItemProxy section */
		4D026DB52D11562A000BB6D4 /* PBXContainerItemProxy */ = {
			isa = PBXContainerItemProxy;
			containerPortal = 4D1D99CA2BF6225300FD99B6 /* Project object */;
			proxyType = 1;
			remoteGlobalIDString = 4D1D99D12BF6225400FD99B6;
			remoteInfo = iSwift;
		};
		4D026DC42D115665000BB6D4 /* PBXContainerItemProxy */ = {
			isa = PBXContainerItemProxy;
			containerPortal = 4D1D99CA2BF6225300FD99B6 /* Project object */;
			proxyType = 1;
			remoteGlobalIDString = 4D1D99D12BF6225400FD99B6;
			remoteInfo = iSwift;
		};
/* End PBXContainerItemProxy section */

/* Begin PBXFileReference section */
		2EA4FE444EFB613A820D8ADB /* Pods_iSwift.framework */ = {isa = PBXFileReference; explicitFileType = wrapper.framework; includeInIndex = 0; path = Pods_iSwift.framework; sourceTree = BUILT_PRODUCTS_DIR; };
		4D026DB12D11562A000BB6D4 /* iSwiftTests.xctest */ = {isa = PBXFileReference; explicitFileType = wrapper.cfbundle; includeInIndex = 0; path = iSwiftTests.xctest; sourceTree = BUILT_PRODUCTS_DIR; };
		4D026DBE2D115665000BB6D4 /* iSwiftUITests.xctest */ = {isa = PBXFileReference; explicitFileType = wrapper.cfbundle; includeInIndex = 0; path = iSwiftUITests.xctest; sourceTree = BUILT_PRODUCTS_DIR; };
		4D026F612D12BE3C000BB6D4 /* IPropertyWrapper.swift */ = {isa = PBXFileReference; lastKnownFileType = sourcecode.swift; path = IPropertyWrapper.swift; sourceTree = "<group>"; };
		4D1D99D22BF6225400FD99B6 /* iSwift.app */ = {isa = PBXFileReference; explicitFileType = wrapper.application; includeInIndex = 0; path = iSwift.app; sourceTree = BUILT_PRODUCTS_DIR; };
		4D1D99D52BF6225400FD99B6 /* AppDelegate.swift */ = {isa = PBXFileReference; lastKnownFileType = sourcecode.swift; path = AppDelegate.swift; sourceTree = "<group>"; };
		4D1D99D72BF6225400FD99B6 /* SceneDelegate.swift */ = {isa = PBXFileReference; lastKnownFileType = sourcecode.swift; path = SceneDelegate.swift; sourceTree = "<group>"; };
		4D1D99D92BF6225400FD99B6 /* ViewController.swift */ = {isa = PBXFileReference; lastKnownFileType = sourcecode.swift; path = ViewController.swift; sourceTree = "<group>"; };
		4D1D99DC2BF6225400FD99B6 /* Base */ = {isa = PBXFileReference; lastKnownFileType = file.storyboard; name = Base; path = Base.lproj/Main.storyboard; sourceTree = "<group>"; };
		4D1D99DE2BF6225600FD99B6 /* Assets.xcassets */ = {isa = PBXFileReference; lastKnownFileType = folder.assetcatalog; path = Assets.xcassets; sourceTree = "<group>"; };
		4D1D99E12BF6225600FD99B6 /* Base */ = {isa = PBXFileReference; lastKnownFileType = file.storyboard; name = Base; path = Base.lproj/LaunchScreen.storyboard; sourceTree = "<group>"; };
		4D1D99E32BF6225600FD99B6 /* Info.plist */ = {isa = PBXFileReference; lastKnownFileType = text.plist.xml; path = Info.plist; sourceTree = "<group>"; };
		4D1D99E92BF6229500FD99B6 /* IText.swift */ = {isa = PBXFileReference; lastKnownFileType = sourcecode.swift; path = IText.swift; sourceTree = "<group>"; };
		4D1D99ED2BF6242200FD99B6 /* ISwiftBridging.swift */ = {isa = PBXFileReference; lastKnownFileType = sourcecode.swift; path = ISwiftBridging.swift; sourceTree = "<group>"; };
		4D1D99EF2BF6244700FD99B6 /* iSwift-Bridging-Header.h */ = {isa = PBXFileReference; lastKnownFileType = sourcecode.c.h; path = "iSwift-Bridging-Header.h"; sourceTree = "<group>"; };
		4D1D99F02BF6244700FD99B6 /* IObjectiveCBridging.h */ = {isa = PBXFileReference; lastKnownFileType = sourcecode.c.h; path = IObjectiveCBridging.h; sourceTree = "<group>"; };
		4D1D99F12BF6244700FD99B6 /* IObjectiveCBridging.m */ = {isa = PBXFileReference; lastKnownFileType = sourcecode.c.objc; path = IObjectiveCBridging.m; sourceTree = "<group>"; };
		4D1D99F32BF6292100FD99B6 /* IProperty.swift */ = {isa = PBXFileReference; lastKnownFileType = sourcecode.swift; path = IProperty.swift; sourceTree = "<group>"; };
		4D85366C2DE209D6007B4C3B /* 01-Observable.swift */ = {isa = PBXFileReference; lastKnownFileType = sourcecode.swift; path = "01-Observable.swift"; sourceTree = "<group>"; };
		4DA25EB12D0FDEC60076D2B1 /* IEmpty.swift */ = {isa = PBXFileReference; lastKnownFileType = sourcecode.swift; path = IEmpty.swift; sourceTree = "<group>"; };
		4DFD3ECA2D0FCD4700CEFD09 /* IRxSwift.swift */ = {isa = PBXFileReference; lastKnownFileType = sourcecode.swift; path = IRxSwift.swift; sourceTree = "<group>"; };
		4DFD3ECC2D0FD01000CEFD09 /* IDemoForRxSwift.swift */ = {isa = PBXFileReference; lastKnownFileType = sourcecode.swift; path = IDemoForRxSwift.swift; sourceTree = "<group>"; };
		95C547EC62170ADD887B50CF /* Pods-iSwift.debug.xcconfig */ = {isa = PBXFileReference; includeInIndex = 1; lastKnownFileType = text.xcconfig; name = "Pods-iSwift.debug.xcconfig"; path = "Target Support Files/Pods-iSwift/Pods-iSwift.debug.xcconfig"; sourceTree = "<group>"; };
		9997801FF69800FB0EAF3827 /* Pods-iSwift.release.xcconfig */ = {isa = PBXFileReference; includeInIndex = 1; lastKnownFileType = text.xcconfig; name = "Pods-iSwift.release.xcconfig"; path = "Target Support Files/Pods-iSwift/Pods-iSwift.release.xcconfig"; sourceTree = "<group>"; };
/* End PBXFileReference section */

/* Begin PBXFileSystemSynchronizedRootGroup section */
		4D026DB22D11562A000BB6D4 /* iSwiftTests */ = {isa = PBXFileSystemSynchronizedRootGroup; explicitFileTypes = {}; explicitFolders = (); path = iSwiftTests; sourceTree = "<group>"; };
		4D026DBF2D115665000BB6D4 /* iSwiftUITests */ = {isa = PBXFileSystemSynchronizedRootGroup; explicitFileTypes = {}; explicitFolders = (); path = iSwiftUITests; sourceTree = "<group>"; };
/* End PBXFileSystemSynchronizedRootGroup section */

/* Begin PBXFrameworksBuildPhase section */
		4D026DAE2D11562A000BB6D4 /* Frameworks */ = {
			isa = PBXFrameworksBuildPhase;
			buildActionMask = 2147483647;
			files = (
			);
			runOnlyForDeploymentPostprocessing = 0;
		};
		4D026DBB2D115665000BB6D4 /* Frameworks */ = {
			isa = PBXFrameworksBuildPhase;
			buildActionMask = 2147483647;
			files = (
			);
			runOnlyForDeploymentPostprocessing = 0;
		};
		4D1D99CF2BF6225400FD99B6 /* Frameworks */ = {
			isa = PBXFrameworksBuildPhase;
			buildActionMask = 2147483647;
			files = (
				4D38B1CA2CB9204E002D2407 /* Kingfisher in Frameworks */,
				4D38B1CD2CB92150002D2407 /* Alamofire in Frameworks */,
				4DA25EAF2D0FD60A0076D2B1 /* Pods_iSwift.framework in Frameworks */,
			);
			runOnlyForDeploymentPostprocessing = 0;
		};
/* End PBXFrameworksBuildPhase section */

/* Begin PBXGroup section */
		4D1D99C92BF6225300FD99B6 = {
			isa = PBXGroup;
			children = (
				4D1D99D42BF6225400FD99B6 /* iSwift */,
				4D1D99D32BF6225400FD99B6 /* Products */,
				C7209F51945AF3DD893B471A /* Pods */,
				DE0051D400876EF956AAFE97 /* Frameworks */,
				4D026DB22D11562A000BB6D4 /* iSwiftTests */,
				4D026DBF2D115665000BB6D4 /* iSwiftUITests */,
			);
			sourceTree = "<group>";
		};
		4D1D99D32BF6225400FD99B6 /* Products */ = {
			isa = PBXGroup;
			children = (
				4D1D99D22BF6225400FD99B6 /* iSwift.app */,
				4D026DB12D11562A000BB6D4 /* iSwiftTests.xctest */,
				4D026DBE2D115665000BB6D4 /* iSwiftUITests.xctest */,
			);
			name = Products;
			sourceTree = "<group>";
		};
		4D1D99D42BF6225400FD99B6 /* iSwift */ = {
			isa = PBXGroup;
			children = (
				4DFD3EC42D0FCCE600CEFD09 /* RxSwift */,
				4D1D99D52BF6225400FD99B6 /* AppDelegate.swift */,
				4D1D99D72BF6225400FD99B6 /* SceneDelegate.swift */,
				4D1D99D92BF6225400FD99B6 /* ViewController.swift */,
				4D1D99F32BF6292100FD99B6 /* IProperty.swift */,
				4D1D99E92BF6229500FD99B6 /* IText.swift */,
				4DA25EB12D0FDEC60076D2B1 /* IEmpty.swift */,
				4D026F612D12BE3C000BB6D4 /* IPropertyWrapper.swift */,
				4D1D99DB2BF6225400FD99B6 /* Main.storyboard */,
				4D1D99DE2BF6225600FD99B6 /* Assets.xcassets */,
				4D1D99ED2BF6242200FD99B6 /* ISwiftBridging.swift */,
				4D1D99F02BF6244700FD99B6 /* IObjectiveCBridging.h */,
				4D1D99F12BF6244700FD99B6 /* IObjectiveCBridging.m */,
				4D1D99E02BF6225600FD99B6 /* LaunchScreen.storyboard */,
				4D1D99E32BF6225600FD99B6 /* Info.plist */,
				4D1D99EF2BF6244700FD99B6 /* iSwift-Bridging-Header.h */,
			);
			path = iSwift;
			sourceTree = "<group>";
		};
		4DFD3EC42D0FCCE600CEFD09 /* RxSwift */ = {
			isa = PBXGroup;
			children = (
				4DFD3ECA2D0FCD4700CEFD09 /* IRxSwift.swift */,
				4DFD3ECC2D0FD01000CEFD09 /* IDemoForRxSwift.swift */,
				4D85366C2DE209D6007B4C3B /* 01-Observable.swift */,
			);
			path = RxSwift;
			sourceTree = "<group>";
		};
		C7209F51945AF3DD893B471A /* Pods */ = {
			isa = PBXGroup;
			children = (
				95C547EC62170ADD887B50CF /* Pods-iSwift.debug.xcconfig */,
				9997801FF69800FB0EAF3827 /* Pods-iSwift.release.xcconfig */,
			);
			path = Pods;
			sourceTree = "<group>";
		};
		DE0051D400876EF956AAFE97 /* Frameworks */ = {
			isa = PBXGroup;
			children = (
				2EA4FE444EFB613A820D8ADB /* Pods_iSwift.framework */,
			);
			name = Frameworks;
			sourceTree = "<group>";
		};
/* End PBXGroup section */

/* Begin PBXNativeTarget section */
		4D026DB02D11562A000BB6D4 /* iSwiftTests */ = {
			isa = PBXNativeTarget;
			buildConfigurationList = 4D026DB92D11562A000BB6D4 /* Build configuration list for PBXNativeTarget "iSwiftTests" */;
			buildPhases = (
				4D026DAD2D11562A000BB6D4 /* Sources */,
				4D026DAE2D11562A000BB6D4 /* Frameworks */,
				4D026DAF2D11562A000BB6D4 /* Resources */,
			);
			buildRules = (
			);
			dependencies = (
				4D026DB62D11562A000BB6D4 /* PBXTargetDependency */,
			);
			fileSystemSynchronizedGroups = (
				4D026DB22D11562A000BB6D4 /* iSwiftTests */,
			);
			name = iSwiftTests;
			packageProductDependencies = (
			);
			productName = iSwiftTests;
			productReference = 4D026DB12D11562A000BB6D4 /* iSwiftTests.xctest */;
			productType = "com.apple.product-type.bundle.unit-test";
		};
		4D026DBD2D115665000BB6D4 /* iSwiftUITests */ = {
			isa = PBXNativeTarget;
			buildConfigurationList = 4D026DC62D115665000BB6D4 /* Build configuration list for PBXNativeTarget "iSwiftUITests" */;
			buildPhases = (
				4D026DBA2D115665000BB6D4 /* Sources */,
				4D026DBB2D115665000BB6D4 /* Frameworks */,
				4D026DBC2D115665000BB6D4 /* Resources */,
			);
			buildRules = (
			);
			dependencies = (
				4D026DC52D115665000BB6D4 /* PBXTargetDependency */,
			);
			fileSystemSynchronizedGroups = (
				4D026DBF2D115665000BB6D4 /* iSwiftUITests */,
			);
			name = iSwiftUITests;
			packageProductDependencies = (
			);
			productName = iSwiftUITests;
			productReference = 4D026DBE2D115665000BB6D4 /* iSwiftUITests.xctest */;
			productType = "com.apple.product-type.bundle.ui-testing";
		};
		4D1D99D12BF6225400FD99B6 /* iSwift */ = {
			isa = PBXNativeTarget;
			buildConfigurationList = 4D1D99E62BF6225600FD99B6 /* Build configuration list for PBXNativeTarget "iSwift" */;
			buildPhases = (
				91818AC6569A214262DE73F4 /* [CP] Check Pods Manifest.lock */,
				4D1D99CE2BF6225400FD99B6 /* Sources */,
				4D1D99CF2BF6225400FD99B6 /* Frameworks */,
				4D1D99D02BF6225400FD99B6 /* Resources */,
				DED8D9B4075101BECC372366 /* [CP] Embed Pods Frameworks */,
			);
			buildRules = (
			);
			dependencies = (
			);
			name = iSwift;
			packageProductDependencies = (
				4D38B1C92CB9204E002D2407 /* Kingfisher */,
				4D38B1CC2CB92150002D2407 /* Alamofire */,
			);
			productName = iSwift;
			productReference = 4D1D99D22BF6225400FD99B6 /* iSwift.app */;
			productType = "com.apple.product-type.application";
		};
/* End PBXNativeTarget section */

/* Begin PBXProject section */
		4D1D99CA2BF6225300FD99B6 /* Project object */ = {
			isa = PBXProject;
			attributes = {
				BuildIndependentTargetsInParallel = 1;
				LastSwiftUpdateCheck = 1600;
				LastUpgradeCheck = 1520;
				TargetAttributes = {
					4D026DB02D11562A000BB6D4 = {
						CreatedOnToolsVersion = 16.0;
						TestTargetID = 4D1D99D12BF6225400FD99B6;
					};
					4D026DBD2D115665000BB6D4 = {
						CreatedOnToolsVersion = 16.0;
						TestTargetID = 4D1D99D12BF6225400FD99B6;
					};
					4D1D99D12BF6225400FD99B6 = {
						CreatedOnToolsVersion = 15.2;
						LastSwiftMigration = 1520;
					};
				};
			};
			buildConfigurationList = 4D1D99CD2BF6225300FD99B6 /* Build configuration list for PBXProject "iSwift" */;
			compatibilityVersion = "Xcode 14.0";
			developmentRegion = en;
			hasScannedForEncodings = 0;
			knownRegions = (
				en,
				Base,
			);
			mainGroup = 4D1D99C92BF6225300FD99B6;
			packageReferences = (
				4D38B1C82CB9204E002D2407 /* XCRemoteSwiftPackageReference "Kingfisher" */,
				4D38B1CB2CB92150002D2407 /* XCRemoteSwiftPackageReference "Alamofire" */,
			);
			productRefGroup = 4D1D99D32BF6225400FD99B6 /* Products */;
			projectDirPath = "";
			projectRoot = "";
			targets = (
				4D1D99D12BF6225400FD99B6 /* iSwift */,
				4D026DB02D11562A000BB6D4 /* iSwiftTests */,
				4D026DBD2D115665000BB6D4 /* iSwiftUITests */,
			);
		};
/* End PBXProject section */

/* Begin PBXResourcesBuildPhase section */
		4D026DAF2D11562A000BB6D4 /* Resources */ = {
			isa = PBXResourcesBuildPhase;
			buildActionMask = 2147483647;
			files = (
			);
			runOnlyForDeploymentPostprocessing = 0;
		};
		4D026DBC2D115665000BB6D4 /* Resources */ = {
			isa = PBXResourcesBuildPhase;
			buildActionMask = 2147483647;
			files = (
			);
			runOnlyForDeploymentPostprocessing = 0;
		};
		4D1D99D02BF6225400FD99B6 /* Resources */ = {
			isa = PBXResourcesBuildPhase;
			buildActionMask = 2147483647;
			files = (
				4D1D99E22BF6225600FD99B6 /* LaunchScreen.storyboard in Resources */,
				4D1D99DF2BF6225600FD99B6 /* Assets.xcassets in Resources */,
				4D1D99DD2BF6225400FD99B6 /* Main.storyboard in Resources */,
			);
			runOnlyForDeploymentPostprocessing = 0;
		};
/* End PBXResourcesBuildPhase section */

/* Begin PBXShellScriptBuildPhase section */
		91818AC6569A214262DE73F4 /* [CP] Check Pods Manifest.lock */ = {
			isa = PBXShellScriptBuildPhase;
			buildActionMask = 2147483647;
			files = (
			);
			inputFileListPaths = (
			);
			inputPaths = (
				"${PODS_PODFILE_DIR_PATH}/Podfile.lock",
				"${PODS_ROOT}/Manifest.lock",
			);
			name = "[CP] Check Pods Manifest.lock";
			outputFileListPaths = (
			);
			outputPaths = (
				"$(DERIVED_FILE_DIR)/Pods-iSwift-checkManifestLockResult.txt",
			);
			runOnlyForDeploymentPostprocessing = 0;
			shellPath = /bin/sh;
			shellScript = "diff \"${PODS_PODFILE_DIR_PATH}/Podfile.lock\" \"${PODS_ROOT}/Manifest.lock\" > /dev/null\nif [ $? != 0 ] ; then\n    # print error to STDERR\n    echo \"error: The sandbox is not in sync with the Podfile.lock. Run 'pod install' or update your CocoaPods installation.\" >&2\n    exit 1\nfi\n# This output is used by Xcode 'outputs' to avoid re-running this script phase.\necho \"SUCCESS\" > \"${SCRIPT_OUTPUT_FILE_0}\"\n";
			showEnvVarsInLog = 0;
		};
		DED8D9B4075101BECC372366 /* [CP] Embed Pods Frameworks */ = {
			isa = PBXShellScriptBuildPhase;
			buildActionMask = 2147483647;
			files = (
			);
			inputFileListPaths = (
				"${PODS_ROOT}/Target Support Files/Pods-iSwift/Pods-iSwift-frameworks-${CONFIGURATION}-input-files.xcfilelist",
			);
			name = "[CP] Embed Pods Frameworks";
			outputFileListPaths = (
				"${PODS_ROOT}/Target Support Files/Pods-iSwift/Pods-iSwift-frameworks-${CONFIGURATION}-output-files.xcfilelist",
			);
			runOnlyForDeploymentPostprocessing = 0;
			shellPath = /bin/sh;
			shellScript = "\"${PODS_ROOT}/Target Support Files/Pods-iSwift/Pods-iSwift-frameworks.sh\"\n";
			showEnvVarsInLog = 0;
		};
/* End PBXShellScriptBuildPhase section */

/* Begin PBXSourcesBuildPhase section */
		4D026DAD2D11562A000BB6D4 /* Sources */ = {
			isa = PBXSourcesBuildPhase;
			buildActionMask = 2147483647;
			files = (
			);
			runOnlyForDeploymentPostprocessing = 0;
		};
		4D026DBA2D115665000BB6D4 /* Sources */ = {
			isa = PBXSourcesBuildPhase;
			buildActionMask = 2147483647;
			files = (
			);
			runOnlyForDeploymentPostprocessing = 0;
		};
		4D1D99CE2BF6225400FD99B6 /* Sources */ = {
			isa = PBXSourcesBuildPhase;
			buildActionMask = 2147483647;
			files = (
				4DFD3ECD2D0FD01000CEFD09 /* IDemoForRxSwift.swift in Sources */,
				4D85366D2DE209D6007B4C3B /* 01-Observable.swift in Sources */,
				4D1D99EA2BF6229500FD99B6 /* IText.swift in Sources */,
				4DFD3ECB2D0FCD4700CEFD09 /* IRxSwift.swift in Sources */,
				4D1D99F22BF6244700FD99B6 /* IObjectiveCBridging.m in Sources */,
				4D026F622D12BE3C000BB6D4 /* IPropertyWrapper.swift in Sources */,
				4D1D99DA2BF6225400FD99B6 /* ViewController.swift in Sources */,
				4D1D99D62BF6225400FD99B6 /* AppDelegate.swift in Sources */,
				4D1D99F42BF6292100FD99B6 /* IProperty.swift in Sources */,
				4DA25EB22D0FDEC60076D2B1 /* IEmpty.swift in Sources */,
				4D1D99D82BF6225400FD99B6 /* SceneDelegate.swift in Sources */,
				4D1D99EE2BF6242200FD99B6 /* ISwiftBridging.swift in Sources */,
			);
			runOnlyForDeploymentPostprocessing = 0;
		};
/* End PBXSourcesBuildPhase section */

/* Begin PBXTargetDependency section */
		4D026DB62D11562A000BB6D4 /* PBXTargetDependency */ = {
			isa = PBXTargetDependency;
			target = 4D1D99D12BF6225400FD99B6 /* iSwift */;
			targetProxy = 4D026DB52D11562A000BB6D4 /* PBXContainerItemProxy */;
		};
		4D026DC52D115665000BB6D4 /* PBXTargetDependency */ = {
			isa = PBXTargetDependency;
			target = 4D1D99D12BF6225400FD99B6 /* iSwift */;
			targetProxy = 4D026DC42D115665000BB6D4 /* PBXContainerItemProxy */;
		};
/* End PBXTargetDependency section */

/* Begin PBXVariantGroup section */
		4D1D99DB2BF6225400FD99B6 /* Main.storyboard */ = {
			isa = PBXVariantGroup;
			children = (
				4D1D99DC2BF6225400FD99B6 /* Base */,
			);
			name = Main.storyboard;
			sourceTree = "<group>";
		};
		4D1D99E02BF6225600FD99B6 /* LaunchScreen.storyboard */ = {
			isa = PBXVariantGroup;
			children = (
				4D1D99E12BF6225600FD99B6 /* Base */,
			);
			name = LaunchScreen.storyboard;
			sourceTree = "<group>";
		};
/* End PBXVariantGroup section */

/* Begin XCBuildConfiguration section */
		4D026DB72D11562A000BB6D4 /* Debug */ = {
			isa = XCBuildConfiguration;
			buildSettings = {
				BUNDLE_LOADER = "$(TEST_HOST)";
				CODE_SIGN_STYLE = Automatic;
				CURRENT_PROJECT_VERSION = 1;
				GENERATE_INFOPLIST_FILE = YES;
				IPHONEOS_DEPLOYMENT_TARGET = 18.0;
				MARKETING_VERSION = 1.0;
				PRODUCT_BUNDLE_IDENTIFIER = com.ibabyblue.iSwiftTests;
				PRODUCT_NAME = "$(TARGET_NAME)";
				SWIFT_EMIT_LOC_STRINGS = NO;
				SWIFT_VERSION = 5.0;
				TARGETED_DEVICE_FAMILY = "1,2";
				TEST_HOST = "$(BUILT_PRODUCTS_DIR)/iSwift.app/$(BUNDLE_EXECUTABLE_FOLDER_PATH)/iSwift";
			};
			name = Debug;
		};
		4D026DB82D11562A000BB6D4 /* Release */ = {
			isa = XCBuildConfiguration;
			buildSettings = {
				BUNDLE_LOADER = "$(TEST_HOST)";
				CODE_SIGN_STYLE = Automatic;
				CURRENT_PROJECT_VERSION = 1;
				GENERATE_INFOPLIST_FILE = YES;
				IPHONEOS_DEPLOYMENT_TARGET = 18.0;
				MARKETING_VERSION = 1.0;
				PRODUCT_BUNDLE_IDENTIFIER = com.ibabyblue.iSwiftTests;
				PRODUCT_NAME = "$(TARGET_NAME)";
				SWIFT_EMIT_LOC_STRINGS = NO;
				SWIFT_VERSION = 5.0;
				TARGETED_DEVICE_FAMILY = "1,2";
				TEST_HOST = "$(BUILT_PRODUCTS_DIR)/iSwift.app/$(BUNDLE_EXECUTABLE_FOLDER_PATH)/iSwift";
			};
			name = Release;
		};
		4D026DC72D115665000BB6D4 /* Debug */ = {
			isa = XCBuildConfiguration;
			buildSettings = {
				CODE_SIGN_STYLE = Automatic;
				CURRENT_PROJECT_VERSION = 1;
				GENERATE_INFOPLIST_FILE = YES;
				IPHONEOS_DEPLOYMENT_TARGET = 18.0;
				MARKETING_VERSION = 1.0;
				PRODUCT_BUNDLE_IDENTIFIER = com.ibabyblue.iSwiftUITests;
				PRODUCT_NAME = "$(TARGET_NAME)";
				SWIFT_EMIT_LOC_STRINGS = NO;
				SWIFT_VERSION = 5.0;
				TARGETED_DEVICE_FAMILY = "1,2";
				TEST_TARGET_NAME = iSwift;
			};
			name = Debug;
		};
		4D026DC82D115665000BB6D4 /* Release */ = {
			isa = XCBuildConfiguration;
			buildSettings = {
				CODE_SIGN_STYLE = Automatic;
				CURRENT_PROJECT_VERSION = 1;
				GENERATE_INFOPLIST_FILE = YES;
				IPHONEOS_DEPLOYMENT_TARGET = 18.0;
				MARKETING_VERSION = 1.0;
				PRODUCT_BUNDLE_IDENTIFIER = com.ibabyblue.iSwiftUITests;
				PRODUCT_NAME = "$(TARGET_NAME)";
				SWIFT_EMIT_LOC_STRINGS = NO;
				SWIFT_VERSION = 5.0;
				TARGETED_DEVICE_FAMILY = "1,2";
				TEST_TARGET_NAME = iSwift;
			};
			name = Release;
		};
		4D1D99E42BF6225600FD99B6 /* Debug */ = {
			isa = XCBuildConfiguration;
			buildSettings = {
				ALWAYS_SEARCH_USER_PATHS = NO;
				ASSETCATALOG_COMPILER_GENERATE_SWIFT_ASSET_SYMBOL_EXTENSIONS = YES;
				CLANG_ANALYZER_NONNULL = YES;
				CLANG_ANALYZER_NUMBER_OBJECT_CONVERSION = YES_AGGRESSIVE;
				CLANG_CXX_LANGUAGE_STANDARD = "gnu++20";
				CLANG_ENABLE_MODULES = YES;
				CLANG_ENABLE_OBJC_ARC = YES;
				CLANG_ENABLE_OBJC_WEAK = YES;
				CLANG_WARN_BLOCK_CAPTURE_AUTORELEASING = YES;
				CLANG_WARN_BOOL_CONVERSION = YES;
				CLANG_WARN_COMMA = YES;
				CLANG_WARN_CONSTANT_CONVERSION = YES;
				CLANG_WARN_DEPRECATED_OBJC_IMPLEMENTATIONS = YES;
				CLANG_WARN_DIRECT_OBJC_ISA_USAGE = YES_ERROR;
				CLANG_WARN_DOCUMENTATION_COMMENTS = YES;
				CLANG_WARN_EMPTY_BODY = YES;
				CLANG_WARN_ENUM_CONVERSION = YES;
				CLANG_WARN_INFINITE_RECURSION = YES;
				CLANG_WARN_INT_CONVERSION = YES;
				CLANG_WARN_NON_LITERAL_NULL_CONVERSION = YES;
				CLANG_WARN_OBJC_IMPLICIT_RETAIN_SELF = YES;
				CLANG_WARN_OBJC_LITERAL_CONVERSION = YES;
				CLANG_WARN_OBJC_ROOT_CLASS = YES_ERROR;
				CLANG_WARN_QUOTED_INCLUDE_IN_FRAMEWORK_HEADER = YES;
				CLANG_WARN_RANGE_LOOP_ANALYSIS = YES;
				CLANG_WARN_STRICT_PROTOTYPES = YES;
				CLANG_WARN_SUSPICIOUS_MOVE = YES;
				CLANG_WARN_UNGUARDED_AVAILABILITY = YES_AGGRESSIVE;
				CLANG_WARN_UNREACHABLE_CODE = YES;
				CLANG_WARN__DUPLICATE_METHOD_MATCH = YES;
				COPY_PHASE_STRIP = NO;
				DEBUG_INFORMATION_FORMAT = dwarf;
				ENABLE_STRICT_OBJC_MSGSEND = YES;
				ENABLE_TESTABILITY = YES;
				ENABLE_USER_SCRIPT_SANDBOXING = YES;
				GCC_C_LANGUAGE_STANDARD = gnu17;
				GCC_DYNAMIC_NO_PIC = NO;
				GCC_NO_COMMON_BLOCKS = YES;
				GCC_OPTIMIZATION_LEVEL = 0;
				GCC_PREPROCESSOR_DEFINITIONS = (
					"DEBUG=1",
					"$(inherited)",
				);
				GCC_WARN_64_TO_32_BIT_CONVERSION = YES;
				GCC_WARN_ABOUT_RETURN_TYPE = YES_ERROR;
				GCC_WARN_UNDECLARED_SELECTOR = YES;
				GCC_WARN_UNINITIALIZED_AUTOS = YES_AGGRESSIVE;
				GCC_WARN_UNUSED_FUNCTION = YES;
				GCC_WARN_UNUSED_VARIABLE = YES;
				IPHONEOS_DEPLOYMENT_TARGET = 17.2;
				LOCALIZATION_PREFERS_STRING_CATALOGS = YES;
				MTL_ENABLE_DEBUG_INFO = INCLUDE_SOURCE;
				MTL_FAST_MATH = YES;
				ONLY_ACTIVE_ARCH = YES;
				SDKROOT = iphoneos;
				SWIFT_ACTIVE_COMPILATION_CONDITIONS = "DEBUG $(inherited)";
				SWIFT_OPTIMIZATION_LEVEL = "-Onone";
			};
			name = Debug;
		};
		4D1D99E52BF6225600FD99B6 /* Release */ = {
			isa = XCBuildConfiguration;
			buildSettings = {
				ALWAYS_SEARCH_USER_PATHS = NO;
				ASSETCATALOG_COMPILER_GENERATE_SWIFT_ASSET_SYMBOL_EXTENSIONS = YES;
				CLANG_ANALYZER_NONNULL = YES;
				CLANG_ANALYZER_NUMBER_OBJECT_CONVERSION = YES_AGGRESSIVE;
				CLANG_CXX_LANGUAGE_STANDARD = "gnu++20";
				CLANG_ENABLE_MODULES = YES;
				CLANG_ENABLE_OBJC_ARC = YES;
				CLANG_ENABLE_OBJC_WEAK = YES;
				CLANG_WARN_BLOCK_CAPTURE_AUTORELEASING = YES;
				CLANG_WARN_BOOL_CONVERSION = YES;
				CLANG_WARN_COMMA = YES;
				CLANG_WARN_CONSTANT_CONVERSION = YES;
				CLANG_WARN_DEPRECATED_OBJC_IMPLEMENTATIONS = YES;
				CLANG_WARN_DIRECT_OBJC_ISA_USAGE = YES_ERROR;
				CLANG_WARN_DOCUMENTATION_COMMENTS = YES;
				CLANG_WARN_EMPTY_BODY = YES;
				CLANG_WARN_ENUM_CONVERSION = YES;
				CLANG_WARN_INFINITE_RECURSION = YES;
				CLANG_WARN_INT_CONVERSION = YES;
				CLANG_WARN_NON_LITERAL_NULL_CONVERSION = YES;
				CLANG_WARN_OBJC_IMPLICIT_RETAIN_SELF = YES;
				CLANG_WARN_OBJC_LITERAL_CONVERSION = YES;
				CLANG_WARN_OBJC_ROOT_CLASS = YES_ERROR;
				CLANG_WARN_QUOTED_INCLUDE_IN_FRAMEWORK_HEADER = YES;
				CLANG_WARN_RANGE_LOOP_ANALYSIS = YES;
				CLANG_WARN_STRICT_PROTOTYPES = YES;
				CLANG_WARN_SUSPICIOUS_MOVE = YES;
				CLANG_WARN_UNGUARDED_AVAILABILITY = YES_AGGRESSIVE;
				CLANG_WARN_UNREACHABLE_CODE = YES;
				CLANG_WARN__DUPLICATE_METHOD_MATCH = YES;
				COPY_PHASE_STRIP = NO;
				DEBUG_INFORMATION_FORMAT = "dwarf-with-dsym";
				ENABLE_NS_ASSERTIONS = NO;
				ENABLE_STRICT_OBJC_MSGSEND = YES;
				ENABLE_USER_SCRIPT_SANDBOXING = YES;
				GCC_C_LANGUAGE_STANDARD = gnu17;
				GCC_NO_COMMON_BLOCKS = YES;
				GCC_WARN_64_TO_32_BIT_CONVERSION = YES;
				GCC_WARN_ABOUT_RETURN_TYPE = YES_ERROR;
				GCC_WARN_UNDECLARED_SELECTOR = YES;
				GCC_WARN_UNINITIALIZED_AUTOS = YES_AGGRESSIVE;
				GCC_WARN_UNUSED_FUNCTION = YES;
				GCC_WARN_UNUSED_VARIABLE = YES;
				IPHONEOS_DEPLOYMENT_TARGET = 17.2;
				LOCALIZATION_PREFERS_STRING_CATALOGS = YES;
				MTL_ENABLE_DEBUG_INFO = NO;
				MTL_FAST_MATH = YES;
				SDKROOT = iphoneos;
				SWIFT_COMPILATION_MODE = wholemodule;
				VALIDATE_PRODUCT = YES;
			};
			name = Release;
		};
		4D1D99E72BF6225600FD99B6 /* Debug */ = {
			isa = XCBuildConfiguration;
			baseConfigurationReference = 95C547EC62170ADD887B50CF /* Pods-iSwift.debug.xcconfig */;
			buildSettings = {
				ASSETCATALOG_COMPILER_APPICON_NAME = AppIcon;
				ASSETCATALOG_COMPILER_GLOBAL_ACCENT_COLOR_NAME = AccentColor;
				CLANG_ENABLE_MODULES = YES;
				CODE_SIGN_STYLE = Automatic;
				CURRENT_PROJECT_VERSION = 1;
				ENABLE_USER_SCRIPT_SANDBOXING = NO;
				GENERATE_INFOPLIST_FILE = YES;
				INFOPLIST_FILE = iSwift/Info.plist;
				INFOPLIST_KEY_UIApplicationSupportsIndirectInputEvents = YES;
				INFOPLIST_KEY_UILaunchStoryboardName = LaunchScreen;
				INFOPLIST_KEY_UIMainStoryboardFile = Main;
				INFOPLIST_KEY_UISupportedInterfaceOrientations_iPad = "UIInterfaceOrientationPortrait UIInterfaceOrientationPortraitUpsideDown UIInterfaceOrientationLandscapeLeft UIInterfaceOrientationLandscapeRight";
				INFOPLIST_KEY_UISupportedInterfaceOrientations_iPhone = "UIInterfaceOrientationPortrait UIInterfaceOrientationLandscapeLeft UIInterfaceOrientationLandscapeRight";
				LD_RUNPATH_SEARCH_PATHS = (
					"$(inherited)",
					"@executable_path/Frameworks",
				);
				MARKETING_VERSION = 1.0;
				PRODUCT_BUNDLE_IDENTIFIER = com.ibabyblue.iSwift;
				PRODUCT_NAME = "$(TARGET_NAME)";
				SWIFT_EMIT_LOC_STRINGS = YES;
				SWIFT_OBJC_BRIDGING_HEADER = "iSwift/iSwift-Bridging-Header.h";
				SWIFT_OPTIMIZATION_LEVEL = "-Onone";
				SWIFT_VERSION = 5.0;
				TARGETED_DEVICE_FAMILY = "1,2";
			};
			name = Debug;
		};
		4D1D99E82BF6225600FD99B6 /* Release */ = {
			isa = XCBuildConfiguration;
			baseConfigurationReference = 9997801FF69800FB0EAF3827 /* Pods-iSwift.release.xcconfig */;
			buildSettings = {
				ASSETCATALOG_COMPILER_APPICON_NAME = AppIcon;
				ASSETCATALOG_COMPILER_GLOBAL_ACCENT_COLOR_NAME = AccentColor;
				CLANG_ENABLE_MODULES = YES;
				CODE_SIGN_STYLE = Automatic;
				CURRENT_PROJECT_VERSION = 1;
				ENABLE_USER_SCRIPT_SANDBOXING = NO;
				GENERATE_INFOPLIST_FILE = YES;
				INFOPLIST_FILE = iSwift/Info.plist;
				INFOPLIST_KEY_UIApplicationSupportsIndirectInputEvents = YES;
				INFOPLIST_KEY_UILaunchStoryboardName = LaunchScreen;
				INFOPLIST_KEY_UIMainStoryboardFile = Main;
				INFOPLIST_KEY_UISupportedInterfaceOrientations_iPad = "UIInterfaceOrientationPortrait UIInterfaceOrientationPortraitUpsideDown UIInterfaceOrientationLandscapeLeft UIInterfaceOrientationLandscapeRight";
				INFOPLIST_KEY_UISupportedInterfaceOrientations_iPhone = "UIInterfaceOrientationPortrait UIInterfaceOrientationLandscapeLeft UIInterfaceOrientationLandscapeRight";
				LD_RUNPATH_SEARCH_PATHS = (
					"$(inherited)",
					"@executable_path/Frameworks",
				);
				MARKETING_VERSION = 1.0;
				PRODUCT_BUNDLE_IDENTIFIER = com.ibabyblue.iSwift;
				PRODUCT_NAME = "$(TARGET_NAME)";
				SWIFT_EMIT_LOC_STRINGS = YES;
				SWIFT_OBJC_BRIDGING_HEADER = "iSwift/iSwift-Bridging-Header.h";
				SWIFT_VERSION = 5.0;
				TARGETED_DEVICE_FAMILY = "1,2";
			};
			name = Release;
		};
/* End XCBuildConfiguration section */

/* Begin XCConfigurationList section */
		4D026DB92D11562A000BB6D4 /* Build configuration list for PBXNativeTarget "iSwiftTests" */ = {
			isa = XCConfigurationList;
			buildConfigurations = (
				4D026DB72D11562A000BB6D4 /* Debug */,
				4D026DB82D11562A000BB6D4 /* Release */,
			);
			defaultConfigurationIsVisible = 0;
			defaultConfigurationName = Release;
		};
		4D026DC62D115665000BB6D4 /* Build configuration list for PBXNativeTarget "iSwiftUITests" */ = {
			isa = XCConfigurationList;
			buildConfigurations = (
				4D026DC72D115665000BB6D4 /* Debug */,
				4D026DC82D115665000BB6D4 /* Release */,
			);
			defaultConfigurationIsVisible = 0;
			defaultConfigurationName = Release;
		};
		4D1D99CD2BF6225300FD99B6 /* Build configuration list for PBXProject "iSwift" */ = {
			isa = XCConfigurationList;
			buildConfigurations = (
				4D1D99E42BF6225600FD99B6 /* Debug */,
				4D1D99E52BF6225600FD99B6 /* Release */,
			);
			defaultConfigurationIsVisible = 0;
			defaultConfigurationName = Release;
		};
		4D1D99E62BF6225600FD99B6 /* Build configuration list for PBXNativeTarget "iSwift" */ = {
			isa = XCConfigurationList;
			buildConfigurations = (
				4D1D99E72BF6225600FD99B6 /* Debug */,
				4D1D99E82BF6225600FD99B6 /* Release */,
			);
			defaultConfigurationIsVisible = 0;
			defaultConfigurationName = Release;
		};
/* End XCConfigurationList section */

/* Begin XCRemoteSwiftPackageReference section */
		4D38B1C82CB9204E002D2407 /* XCRemoteSwiftPackageReference "Kingfisher" */ = {
			isa = XCRemoteSwiftPackageReference;
			repositoryURL = "https://github.com/onevcat/Kingfisher";
			requirement = {
				kind = upToNextMajorVersion;
				minimumVersion = 8.0.3;
			};
		};
		4D38B1CB2CB92150002D2407 /* XCRemoteSwiftPackageReference "Alamofire" */ = {
			isa = XCRemoteSwiftPackageReference;
			repositoryURL = "https://github.com/Alamofire/Alamofire";
			requirement = {
				kind = upToNextMajorVersion;
				minimumVersion = 5.9.1;
			};
		};
/* End XCRemoteSwiftPackageReference section */

/* Begin XCSwiftPackageProductDependency section */
		4D38B1C92CB9204E002D2407 /* Kingfisher */ = {
			isa = XCSwiftPackageProductDependency;
			package = 4D38B1C82CB9204E002D2407 /* XCRemoteSwiftPackageReference "Kingfisher" */;
			productName = Kingfisher;
		};
		4D38B1CC2CB92150002D2407 /* Alamofire */ = {
			isa = XCSwiftPackageProductDependency;
			package = 4D38B1CB2CB92150002D2407 /* XCRemoteSwiftPackageReference "Alamofire" */;
			productName = Alamofire;
		};
/* End XCSwiftPackageProductDependency section */
	};
	rootObject = 4D1D99CA2BF6225300FD99B6 /* Project object */;
}
